// !$*UTF8*$!
{
	archiveVersion = 1;
	classes = {
	};
	objectVersion = 50;
	objects = {

/* Begin PBXBuildFile section */
		38BC86A425479D8000314118 /* main.cpp in Sources */ = {isa = PBXBuildFile; fileRef = 38BC86A325479D8000314118 /* main.cpp */; };
		38BC86AC2547A0AB00314118 /* SuppPt.cpp in Sources */ = {isa = PBXBuildFile; fileRef = 38BC86AB2547A0AB00314118 /* SuppPt.cpp */; };
		38BC86AF2547A0E200314118 /* libgurobi_g++4.2.a in Frameworks */ = {isa = PBXBuildFile; fileRef = 38BC86AE2547A0D400314118 /* libgurobi_g++4.2.a */; };
		38BC86B12547A0F000314118 /* libgurobi80.so in Frameworks */ = {isa = PBXBuildFile; fileRef = 38BC86B02547A0F000314118 /* libgurobi80.so */; };
		38BC86B22547A0F000314118 /* libgurobi80.so in Embed Libraries */ = {isa = PBXBuildFile; fileRef = 38BC86B02547A0F000314118 /* libgurobi80.so */; settings = {ATTRIBUTES = (CodeSignOnCopy, ); }; };
/* End PBXBuildFile section */

/* Begin PBXCopyFilesBuildPhase section */
		38BC869E25479D8000314118 /* CopyFiles */ = {
			isa = PBXCopyFilesBuildPhase;
			buildActionMask = 2147483647;
			dstPath = /usr/share/man/man1/;
			dstSubfolderSpec = 0;
			files = (
			);
			runOnlyForDeploymentPostprocessing = 1;
		};
		38BC86B32547A0F000314118 /* Embed Libraries */ = {
			isa = PBXCopyFilesBuildPhase;
			buildActionMask = 2147483647;
			dstPath = "";
			dstSubfolderSpec = 10;
			files = (
				38BC86B22547A0F000314118 /* libgurobi80.so in Embed Libraries */,
			);
			name = "Embed Libraries";
			runOnlyForDeploymentPostprocessing = 0;
		};
/* End PBXCopyFilesBuildPhase section */

/* Begin PBXFileReference section */
		38BC86A025479D8000314118 /* ColGenColDelFS */ = {isa = PBXFileReference; explicitFileType = "compiled.mach-o.executable"; includeInIndex = 0; path = ColGenColDelFS; sourceTree = BUILT_PRODUCTS_DIR; };
		38BC86A325479D8000314118 /* main.cpp */ = {isa = PBXFileReference; lastKnownFileType = sourcecode.cpp.cpp; path = main.cpp; sourceTree = "<group>"; };
		38BC86AA2547A0AB00314118 /* SuppPt.hpp */ = {isa = PBXFileReference; fileEncoding = 4; lastKnownFileType = sourcecode.cpp.h; name = SuppPt.hpp; path = ../../OriginalGrid/OriginalGrid/SuppPt.hpp; sourceTree = "<group>"; };
		38BC86AB2547A0AB00314118 /* SuppPt.cpp */ = {isa = PBXFileReference; fileEncoding = 4; lastKnownFileType = sourcecode.cpp.cpp; name = SuppPt.cpp; path = ../../OriginalGrid/OriginalGrid/SuppPt.cpp; sourceTree = "<group>"; };
		38BC86AE2547A0D400314118 /* libgurobi_g++4.2.a */ = {isa = PBXFileReference; lastKnownFileType = archive.ar; name = "libgurobi_g++4.2.a"; path = "../../../../../Library/gurobi801/mac64/lib/libgurobi_g++4.2.a"; sourceTree = "<group>"; };
		38BC86B02547A0F000314118 /* libgurobi80.so */ = {isa = PBXFileReference; lastKnownFileType = "compiled.mach-o.dylib"; name = libgurobi80.so; path = ../../../../../Library/gurobi801/mac64/lib/libgurobi80.so; sourceTree = "<group>"; };
/* End PBXFileReference section */

/* Begin PBXFrameworksBuildPhase section */
		38BC869D25479D8000314118 /* Frameworks */ = {
			isa = PBXFrameworksBuildPhase;
			buildActionMask = 2147483647;
			files = (
				38BC86AF2547A0E200314118 /* libgurobi_g++4.2.a in Frameworks */,
				38BC86B12547A0F000314118 /* libgurobi80.so in Frameworks */,
			);
			runOnlyForDeploymentPostprocessing = 0;
		};
/* End PBXFrameworksBuildPhase section */

/* Begin PBXGroup section */
		38BC869725479D8000314118 = {
			isa = PBXGroup;
			children = (
				38BC86A225479D8000314118 /* ColGenColDelFS */,
				38BC86A125479D8000314118 /* Products */,
				38BC86AD2547A0D400314118 /* Frameworks */,
			);
			sourceTree = "<group>";
		};
		38BC86A125479D8000314118 /* Products */ = {
			isa = PBXGroup;
			children = (
				38BC86A025479D8000314118 /* ColGenColDelFS */,
			);
			name = Products;
			sourceTree = "<group>";
		};
		38BC86A225479D8000314118 /* ColGenColDelFS */ = {
			isa = PBXGroup;
			children = (
				38BC86AB2547A0AB00314118 /* SuppPt.cpp */,
				38BC86AA2547A0AB00314118 /* SuppPt.hpp */,
				38BC86A325479D8000314118 /* main.cpp */,
			);
			path = ColGenColDelFS;
			sourceTree = "<group>";
		};
		38BC86AD2547A0D400314118 /* Frameworks */ = {
			isa = PBXGroup;
			children = (
				38BC86B02547A0F000314118 /* libgurobi80.so */,
				38BC86AE2547A0D400314118 /* libgurobi_g++4.2.a */,
			);
			name = Frameworks;
			sourceTree = "<group>";
		};
/* End PBXGroup section */

/* Begin PBXNativeTarget section */
		38BC869F25479D8000314118 /* ColGenColDelFS */ = {
			isa = PBXNativeTarget;
			buildConfigurationList = 38BC86A725479D8000314118 /* Build configuration list for PBXNativeTarget "ColGenColDelFS" */;
			buildPhases = (
				38BC869C25479D8000314118 /* Sources */,
				38BC869D25479D8000314118 /* Frameworks */,
				38BC869E25479D8000314118 /* CopyFiles */,
				38BC86B32547A0F000314118 /* Embed Libraries */,
			);
			buildRules = (
			);
			dependencies = (
			);
			name = ColGenColDelFS;
			productName = ColGenColDelFS;
			productReference = 38BC86A025479D8000314118 /* ColGenColDelFS */;
			productType = "com.apple.product-type.tool";
		};
/* End PBXNativeTarget section */

/* Begin PBXProject section */
		38BC869825479D8000314118 /* Project object */ = {
			isa = PBXProject;
			attributes = {
				LastUpgradeCheck = 1160;
				ORGANIZATIONNAME = "Stephan Patterson";
				TargetAttributes = {
					38BC869F25479D8000314118 = {
						CreatedOnToolsVersion = 11.6;
					};
				};
			};
			buildConfigurationList = 38BC869B25479D8000314118 /* Build configuration list for PBXProject "ColGenColDelFS" */;
			compatibilityVersion = "Xcode 9.3";
			developmentRegion = en;
			hasScannedForEncodings = 0;
			knownRegions = (
				en,
				Base,
			);
			mainGroup = 38BC869725479D8000314118;
			productRefGroup = 38BC86A125479D8000314118 /* Products */;
			projectDirPath = "";
			projectRoot = "";
			targets = (
				38BC869F25479D8000314118 /* ColGenColDelFS */,
			);
		};
/* End PBXProject section */

/* Begin PBXSourcesBuildPhase section */
		38BC869C25479D8000314118 /* Sources */ = {
			isa = PBXSourcesBuildPhase;
			buildActionMask = 2147483647;
			files = (
				38BC86A425479D8000314118 /* main.cpp in Sources */,
				38BC86AC2547A0AB00314118 /* SuppPt.cpp in Sources */,
			);
			runOnlyForDeploymentPostprocessing = 0;
		};
/* End PBXSourcesBuildPhase section */

/* Begin XCBuildConfiguration section */
		38BC86A525479D8000314118 /* Debug */ = {
			isa = XCBuildConfiguration;
			buildSettings = {
				ALWAYS_SEARCH_USER_PATHS = NO;
				CLANG_ANALYZER_NONNULL = YES;
				CLANG_ANALYZER_NUMBER_OBJECT_CONVERSION = YES_AGGRESSIVE;
				CLANG_CXX_LANGUAGE_STANDARD = "gnu++14";
				CLANG_CXX_LIBRARY = "libc++";
				CLANG_ENABLE_MODULES = YES;
				CLANG_ENABLE_OBJC_ARC = YES;
				CLANG_ENABLE_OBJC_WEAK = YES;
				CLANG_WARN_BLOCK_CAPTURE_AUTORELEASING = YES;
				CLANG_WARN_BOOL_CONVERSION = YES;
				CLANG_WARN_COMMA = YES;
				CLANG_WARN_CONSTANT_CONVERSION = YES;
				CLANG_WARN_DEPRECATED_OBJC_IMPLEMENTATIONS = YES;
				CLANG_WARN_DIRECT_OBJC_ISA_USAGE = YES_ERROR;
				CLANG_WARN_DOCUMENTATION_COMMENTS = YES;
				CLANG_WARN_EMPTY_BODY = YES;
				CLANG_WARN_ENUM_CONVERSION = YES;
				CLANG_WARN_INFINITE_RECURSION = YES;
				CLANG_WARN_INT_CONVERSION = YES;
				CLANG_WARN_NON_LITERAL_NULL_CONVERSION = YES;
				CLANG_WARN_OBJC_IMPLICIT_RETAIN_SELF = YES;
				CLANG_WARN_OBJC_LITERAL_CONVERSION = YES;
				CLANG_WARN_OBJC_ROOT_CLASS = YES_ERROR;
				CLANG_WARN_RANGE_LOOP_ANALYSIS = YES;
				CLANG_WARN_STRICT_PROTOTYPES = YES;
				CLANG_WARN_SUSPICIOUS_MOVE = YES;
				CLANG_WARN_UNGUARDED_AVAILABILITY = YES_AGGRESSIVE;
				CLANG_WARN_UNREACHABLE_CODE = YES;
				CLANG_WARN__DUPLICATE_METHOD_MATCH = YES;
				COPY_PHASE_STRIP = NO;
				DEBUG_INFORMATION_FORMAT = dwarf;
				ENABLE_STRICT_OBJC_MSGSEND = YES;
				ENABLE_TESTABILITY = YES;
				GCC_C_LANGUAGE_STANDARD = gnu11;
				GCC_DYNAMIC_NO_PIC = NO;
				GCC_NO_COMMON_BLOCKS = YES;
				GCC_OPTIMIZATION_LEVEL = 0;
				GCC_PREPROCESSOR_DEFINITIONS = (
					"DEBUG=1",
					"$(inherited)",
				);
				GCC_WARN_64_TO_32_BIT_CONVERSION = YES;
				GCC_WARN_ABOUT_RETURN_TYPE = YES_ERROR;
				GCC_WARN_UNDECLARED_SELECTOR = YES;
				GCC_WARN_UNINITIALIZED_AUTOS = YES_AGGRESSIVE;
				GCC_WARN_UNUSED_FUNCTION = YES;
				GCC_WARN_UNUSED_VARIABLE = YES;
				MACOSX_DEPLOYMENT_TARGET = 10.15;
				MTL_ENABLE_DEBUG_INFO = INCLUDE_SOURCE;
				MTL_FAST_MATH = YES;
				ONLY_ACTIVE_ARCH = YES;
				SDKROOT = macosx;
			};
			name = Debug;
		};
		38BC86A625479D8000314118 /* Release */ = {
			isa = XCBuildConfiguration;
			buildSettings = {
				ALWAYS_SEARCH_USER_PATHS = NO;
				CLANG_ANALYZER_NONNULL = YES;
				CLANG_ANALYZER_NUMBER_OBJECT_CONVERSION = YES_AGGRESSIVE;
				CLANG_CXX_LANGUAGE_STANDARD = "gnu++14";
				CLANG_CXX_LIBRARY = "libc++";
				CLANG_ENABLE_MODULES = YES;
				CLANG_ENABLE_OBJC_ARC = YES;
				CLANG_ENABLE_OBJC_WEAK = YES;
				CLANG_WARN_BLOCK_CAPTURE_AUTORELEASING = YES;
				CLANG_WARN_BOOL_CONVERSION = YES;
				CLANG_WARN_COMMA = YES;
				CLANG_WARN_CONSTANT_CONVERSION = YES;
				CLANG_WARN_DEPRECATED_OBJC_IMPLEMENTATIONS = YES;
				CLANG_WARN_DIRECT_OBJC_ISA_USAGE = YES_ERROR;
				CLANG_WARN_DOCUMENTATION_COMMENTS = YES;
				CLANG_WARN_EMPTY_BODY = YES;
				CLANG_WARN_ENUM_CONVERSION = YES;
				CLANG_WARN_INFINITE_RECURSION = YES;
				CLANG_WARN_INT_CONVERSION = YES;
				CLANG_WARN_NON_LITERAL_NULL_CONVERSION = YES;
				CLANG_WARN_OBJC_IMPLICIT_RETAIN_SELF = YES;
				CLANG_WARN_OBJC_LITERAL_CONVERSION = YES;
				CLANG_WARN_OBJC_ROOT_CLASS = YES_ERROR;
				CLANG_WARN_RANGE_LOOP_ANALYSIS = YES;
				CLANG_WARN_STRICT_PROTOTYPES = YES;
				CLANG_WARN_SUSPICIOUS_MOVE = YES;
				CLANG_WARN_UNGUARDED_AVAILABILITY = YES_AGGRESSIVE;
				CLANG_WARN_UNREACHABLE_CODE = YES;
				CLANG_WARN__DUPLICATE_METHOD_MATCH = YES;
				COPY_PHASE_STRIP = NO;
				DEBUG_INFORMATION_FORMAT = "dwarf-with-dsym";
				ENABLE_NS_ASSERTIONS = NO;
				ENABLE_STRICT_OBJC_MSGSEND = YES;
				GCC_C_LANGUAGE_STANDARD = gnu11;
				GCC_NO_COMMON_BLOCKS = YES;
				GCC_WARN_64_TO_32_BIT_CONVERSION = YES;
				GCC_WARN_ABOUT_RETURN_TYPE = YES_ERROR;
				GCC_WARN_UNDECLARED_SELECTOR = YES;
				GCC_WARN_UNINITIALIZED_AUTOS = YES_AGGRESSIVE;
				GCC_WARN_UNUSED_FUNCTION = YES;
				GCC_WARN_UNUSED_VARIABLE = YES;
				MACOSX_DEPLOYMENT_TARGET = 10.15;
				MTL_ENABLE_DEBUG_INFO = NO;
				MTL_FAST_MATH = YES;
				SDKROOT = macosx;
			};
			name = Release;
		};
		38BC86A825479D8000314118 /* Debug */ = {
			isa = XCBuildConfiguration;
			buildSettings = {
				CODE_SIGN_STYLE = Automatic;
				LIBRARY_SEARCH_PATHS = (
					"$(inherited)",
					"$(LOCAL_LIBRARY_DIR)/gurobi801/mac64/lib",
				);
				PRODUCT_NAME = "$(TARGET_NAME)";
			};
			name = Debug;
		};
		38BC86A925479D8000314118 /* Release */ = {
			isa = XCBuildConfiguration;
			buildSettings = {
				CODE_SIGN_STYLE = Automatic;
				LIBRARY_SEARCH_PATHS = (
					"$(inherited)",
					"$(LOCAL_LIBRARY_DIR)/gurobi801/mac64/lib",
				);
				PRODUCT_NAME = "$(TARGET_NAME)";
			};
			name = Release;
		};
/* End XCBuildConfiguration section */

/* Begin XCConfigurationList section */
		38BC869B25479D8000314118 /* Build configuration list for PBXProject "ColGenColDelFS" */ = {
			isa = XCConfigurationList;
			buildConfigurations = (
				38BC86A525479D8000314118 /* Debug */,
				38BC86A625479D8000314118 /* Release */,
			);
			defaultConfigurationIsVisible = 0;
			defaultConfigurationName = Release;
		};
		38BC86A725479D8000314118 /* Build configuration list for PBXNativeTarget "ColGenColDelFS" */ = {
			isa = XCConfigurationList;
			buildConfigurations = (
				38BC86A825479D8000314118 /* Debug */,
				38BC86A925479D8000314118 /* Release */,
			);
			defaultConfigurationIsVisible = 0;
			defaultConfigurationName = Release;
		};
/* End XCConfigurationList section */
	};
	rootObject = 38BC869825479D8000314118 /* Project object */;
}
